// !$*UTF8*$!
{
	archiveVersion = 1;
	classes = {
	};
	objectVersion = 46;
	objects = {

/* Begin PBXBuildFile section */
		C22E1CDF1F5AB03E00B6E786 /* SettingsViewController.swift in Sources */ = {isa = PBXBuildFile; fileRef = C22E1CDE1F5AB03E00B6E786 /* SettingsViewController.swift */; };
		C22E1CE21F5AB58400B6E786 /* CellDescriptor.plist in Resources */ = {isa = PBXBuildFile; fileRef = C22E1CE11F5AB58400B6E786 /* CellDescriptor.plist */; };
		C24F0D8B20C2A22200E3CE59 /* CustomCell.swift in Sources */ = {isa = PBXBuildFile; fileRef = C24F0D8A20C2A22200E3CE59 /* CustomCell.swift */; };
		C24F0D8D20C2A3FB00E3CE59 /* TextfieldCell.xib in Resources */ = {isa = PBXBuildFile; fileRef = C24F0D8C20C2A3FB00E3CE59 /* TextfieldCell.xib */; };
		C24FC3B61E996F8F0068F4DF /* MotionKit.swift in Sources */ = {isa = PBXBuildFile; fileRef = C24FC3B51E996F8F0068F4DF /* MotionKit.swift */; };
		C24FC3BB1E9A23790068F4DF /* CocoaAsyncSocket.framework in Frameworks */ = {isa = PBXBuildFile; fileRef = C24FC3B81E9A23790068F4DF /* CocoaAsyncSocket.framework */; };
		C24FC3BC1E9A23790068F4DF /* Reachability.framework in Frameworks */ = {isa = PBXBuildFile; fileRef = C24FC3B91E9A23790068F4DF /* Reachability.framework */; };
		C24FC3BD1E9A23790068F4DF /* SQLite.framework in Frameworks */ = {isa = PBXBuildFile; fileRef = C24FC3BA1E9A23790068F4DF /* SQLite.framework */; };
		C24FC3C21E9A49270068F4DF /* ClientApi.swift in Sources */ = {isa = PBXBuildFile; fileRef = C24FC3C11E9A49270068F4DF /* ClientApi.swift */; };
		C24FC48C1E9A77EE0068F4DF /* LocalizedLabel.swift in Sources */ = {isa = PBXBuildFile; fileRef = C24FC48B1E9A77EE0068F4DF /* LocalizedLabel.swift */; };
		C24FC48E1E9A77FE0068F4DF /* LocalizedButton.swift in Sources */ = {isa = PBXBuildFile; fileRef = C24FC48D1E9A77FE0068F4DF /* LocalizedButton.swift */; };
		C24FC4901E9A780A0068F4DF /* LocalizedBarButton.swift in Sources */ = {isa = PBXBuildFile; fileRef = C24FC48F1E9A780A0068F4DF /* LocalizedBarButton.swift */; };
		C24FC4921E9A78140068F4DF /* Localized.strings in Resources */ = {isa = PBXBuildFile; fileRef = C24FC4911E9A78140068F4DF /* Localized.strings */; };
		C24FC4941EA49B040068F4DF /* Globals.swift in Sources */ = {isa = PBXBuildFile; fileRef = C24FC4931EA49B040068F4DF /* Globals.swift */; };
		C24FC4971EA49EB00068F4DF /* NormalCell.xib in Resources */ = {isa = PBXBuildFile; fileRef = C24FC4961EA49EB00068F4DF /* NormalCell.xib */; };
		C24FC49A1EA49F370068F4DF /* NormalCell.swift in Sources */ = {isa = PBXBuildFile; fileRef = C24FC4991EA49F370068F4DF /* NormalCell.swift */; };
		C24FC49C1EA49F950068F4DF /* Styles.swift in Sources */ = {isa = PBXBuildFile; fileRef = C24FC49B1EA49F950068F4DF /* Styles.swift */; };
		C24FC49E1EA4A8B30068F4DF /* SubjectExperimentModel.swift in Sources */ = {isa = PBXBuildFile; fileRef = C24FC49D1EA4A8B30068F4DF /* SubjectExperimentModel.swift */; };
		C24FC4A11EA4AC240068F4DF /* ExperimentClient.swift in Sources */ = {isa = PBXBuildFile; fileRef = C24FC4A01EA4AC240068F4DF /* ExperimentClient.swift */; };
		C24FC4A31EA4FCD70068F4DF /* SubjectClient.swift in Sources */ = {isa = PBXBuildFile; fileRef = C24FC4A21EA4FCD70068F4DF /* SubjectClient.swift */; };
		C24FC4A61EA513A30068F4DF /* SubjectExperementDetailsViewController.swift in Sources */ = {isa = PBXBuildFile; fileRef = C24FC4A51EA513A30068F4DF /* SubjectExperementDetailsViewController.swift */; };
		C24FC4A91EA541050068F4DF /* DescriptionSelectTableViewCell.swift in Sources */ = {isa = PBXBuildFile; fileRef = C24FC4A81EA541050068F4DF /* DescriptionSelectTableViewCell.swift */; };
		C24FC4AB1EA5417B0068F4DF /* DescriptionSelectCell.xib in Resources */ = {isa = PBXBuildFile; fileRef = C24FC4AA1EA5417B0068F4DF /* DescriptionSelectCell.xib */; };
		C24FC4AE1EB4A2C20068F4DF /* GraphViewController.swift in Sources */ = {isa = PBXBuildFile; fileRef = C24FC4AD1EB4A2C20068F4DF /* GraphViewController.swift */; };
		C24FC4B01EB4A37C0068F4DF /* GraphView.swift in Sources */ = {isa = PBXBuildFile; fileRef = C24FC4AF1EB4A37C0068F4DF /* GraphView.swift */; };
		C24FC4B21EB4C0490068F4DF /* SensorModel.swift in Sources */ = {isa = PBXBuildFile; fileRef = C24FC4B11EB4C0490068F4DF /* SensorModel.swift */; };
		C24FC4B51EB5F5090068F4DF /* TcpClient.swift in Sources */ = {isa = PBXBuildFile; fileRef = C24FC4B41EB5F5090068F4DF /* TcpClient.swift */; };
		C24FC4BB1EB5F7B90068F4DF /* UdpClient.swift in Sources */ = {isa = PBXBuildFile; fileRef = C24FC4BA1EB5F7B90068F4DF /* UdpClient.swift */; };
		C24FC4BD1EB602520068F4DF /* HomeSettingsModel.swift in Sources */ = {isa = PBXBuildFile; fileRef = C24FC4BC1EB602520068F4DF /* HomeSettingsModel.swift */; };
		C24FC4BF1EB6086B0068F4DF /* ConnectionManager.swift in Sources */ = {isa = PBXBuildFile; fileRef = C24FC4BE1EB6086B0068F4DF /* ConnectionManager.swift */; };
		C24FC4C11EB609930068F4DF /* LocationManager.swift in Sources */ = {isa = PBXBuildFile; fileRef = C24FC4C01EB609930068F4DF /* LocationManager.swift */; };
		C24FC4C31EB7209D0068F4DF /* HomeCell.swift in Sources */ = {isa = PBXBuildFile; fileRef = C24FC4C21EB7209D0068F4DF /* HomeCell.swift */; };
		C24FC4C61EB721410068F4DF /* HomeRightLabel.xib in Resources */ = {isa = PBXBuildFile; fileRef = C24FC4C51EB721410068F4DF /* HomeRightLabel.xib */; };
		C24FC4C81EB721B10068F4DF /* HomeLeftLabel.xib in Resources */ = {isa = PBXBuildFile; fileRef = C24FC4C71EB721B10068F4DF /* HomeLeftLabel.xib */; };
		C24FC4CB1EB732560068F4DF /* photo-abstract-7.png in Resources */ = {isa = PBXBuildFile; fileRef = C24FC4CA1EB732560068F4DF /* photo-abstract-7.png */; };
		C24FC4CD1EB732620068F4DF /* settings-25.png in Resources */ = {isa = PBXBuildFile; fileRef = C24FC4CC1EB732620068F4DF /* settings-25.png */; };
		C24FC4D01EB748A90068F4DF /* LoginViewController.swift in Sources */ = {isa = PBXBuildFile; fileRef = C24FC4CF1EB748A90068F4DF /* LoginViewController.swift */; };
		C24FC4D31EB7494C0068F4DF /* AccountTableViewCell.swift in Sources */ = {isa = PBXBuildFile; fileRef = C24FC4D21EB7494C0068F4DF /* AccountTableViewCell.swift */; };
		C24FC4D51EB749B20068F4DF /* AccountCell.xib in Resources */ = {isa = PBXBuildFile; fileRef = C24FC4D41EB749B20068F4DF /* AccountCell.xib */; };
		C24FC4D71EB749F50068F4DF /* ButtonCell.xib in Resources */ = {isa = PBXBuildFile; fileRef = C24FC4D61EB749F50068F4DF /* ButtonCell.xib */; };
		C24FC4D91EB74AE30068F4DF /* LoginModel.swift in Sources */ = {isa = PBXBuildFile; fileRef = C24FC4D81EB74AE30068F4DF /* LoginModel.swift */; };
		C24FC4DB1EB74C750068F4DF /* UserClient.swift in Sources */ = {isa = PBXBuildFile; fileRef = C24FC4DA1EB74C750068F4DF /* UserClient.swift */; };
		C250DDE91E99534200C9A7BE /* AppDelegate.swift in Sources */ = {isa = PBXBuildFile; fileRef = C250DDE81E99534200C9A7BE /* AppDelegate.swift */; };
		C250DDEB1E99534200C9A7BE /* ViewController.swift in Sources */ = {isa = PBXBuildFile; fileRef = C250DDEA1E99534200C9A7BE /* ViewController.swift */; };
		C250DDEE1E99534200C9A7BE /* Main.storyboard in Resources */ = {isa = PBXBuildFile; fileRef = C250DDEC1E99534200C9A7BE /* Main.storyboard */; };
		C250DDF11E99534200C9A7BE /* Sensors.xcdatamodeld in Sources */ = {isa = PBXBuildFile; fileRef = C250DDEF1E99534200C9A7BE /* Sensors.xcdatamodeld */; };
		C250DDF31E99534200C9A7BE /* Assets.xcassets in Resources */ = {isa = PBXBuildFile; fileRef = C250DDF21E99534200C9A7BE /* Assets.xcassets */; };
		C250DDF61E99534200C9A7BE /* LaunchScreen.storyboard in Resources */ = {isa = PBXBuildFile; fileRef = C250DDF41E99534200C9A7BE /* LaunchScreen.storyboard */; };
		C271C13B1EB8B8E5002A6343 /* ic_person_add.png in Resources */ = {isa = PBXBuildFile; fileRef = C271C13A1EB8B8E5002A6343 /* ic_person_add.png */; };
		C2C65BCD20EE9D60009AF0B3 /* NormalSettingsCell.xib in Resources */ = {isa = PBXBuildFile; fileRef = C2C65BCC20EE9D5F009AF0B3 /* NormalSettingsCell.xib */; };
		C2C65BD220F219F1009AF0B3 /* ValuePickerCell.swift in Sources */ = {isa = PBXBuildFile; fileRef = C2C65BD120F219F1009AF0B3 /* ValuePickerCell.swift */; };
		C2C65BD520F21AFC009AF0B3 /* ValuePickerCell.xib in Resources */ = {isa = PBXBuildFile; fileRef = C2C65BD420F21AFC009AF0B3 /* ValuePickerCell.xib */; };
		C2C65BD820F28EE4009AF0B3 /* AccountTableViewController.swift in Sources */ = {isa = PBXBuildFile; fileRef = C2C65BD720F28EE4009AF0B3 /* AccountTableViewController.swift */; };
		C2C65BDA20F28F25009AF0B3 /* AccountModel.swift in Sources */ = {isa = PBXBuildFile; fileRef = C2C65BD920F28F25009AF0B3 /* AccountModel.swift */; };
		C2D83EA61EBDCEDF00F30A63 /* RegisterViewController.swift in Sources */ = {isa = PBXBuildFile; fileRef = C2D83EA51EBDCEDF00F30A63 /* RegisterViewController.swift */; };
		C2D83EA81EBDD1ED00F30A63 /* RegisterModel.swift in Sources */ = {isa = PBXBuildFile; fileRef = C2D83EA71EBDD1ED00F30A63 /* RegisterModel.swift */; };
		C2D83EAA1EBDD2DA00F30A63 /* RegisterClient.swift in Sources */ = {isa = PBXBuildFile; fileRef = C2D83EA91EBDD2DA00F30A63 /* RegisterClient.swift */; };
		C2D83EAC1EBE6B7200F30A63 /* login.png in Resources */ = {isa = PBXBuildFile; fileRef = C2D83EAB1EBE6B7200F30A63 /* login.png */; };
/* End PBXBuildFile section */

/* Begin PBXFileReference section */
		C22E1CDE1F5AB03E00B6E786 /* SettingsViewController.swift */ = {isa = PBXFileReference; fileEncoding = 4; lastKnownFileType = sourcecode.swift; path = SettingsViewController.swift; sourceTree = "<group>"; };
		C22E1CE11F5AB58400B6E786 /* CellDescriptor.plist */ = {isa = PBXFileReference; fileEncoding = 4; lastKnownFileType = text.plist.xml; path = CellDescriptor.plist; sourceTree = "<group>"; };
		C24F0D8A20C2A22200E3CE59 /* CustomCell.swift */ = {isa = PBXFileReference; lastKnownFileType = sourcecode.swift; path = CustomCell.swift; sourceTree = "<group>"; };
		C24F0D8C20C2A3FB00E3CE59 /* TextfieldCell.xib */ = {isa = PBXFileReference; fileEncoding = 4; lastKnownFileType = file.xib; path = TextfieldCell.xib; sourceTree = "<group>"; };
		C24FC3B51E996F8F0068F4DF /* MotionKit.swift */ = {isa = PBXFileReference; fileEncoding = 4; lastKnownFileType = sourcecode.swift; path = MotionKit.swift; sourceTree = "<group>"; };
		C24FC3B81E9A23790068F4DF /* CocoaAsyncSocket.framework */ = {isa = PBXFileReference; lastKnownFileType = wrapper.framework; name = CocoaAsyncSocket.framework; path = Carthage/Build/iOS/CocoaAsyncSocket.framework; sourceTree = "<group>"; };
		C24FC3B91E9A23790068F4DF /* Reachability.framework */ = {isa = PBXFileReference; lastKnownFileType = wrapper.framework; name = Reachability.framework; path = Carthage/Build/iOS/Reachability.framework; sourceTree = "<group>"; };
		C24FC3BA1E9A23790068F4DF /* SQLite.framework */ = {isa = PBXFileReference; lastKnownFileType = wrapper.framework; name = SQLite.framework; path = Carthage/Build/iOS/SQLite.framework; sourceTree = "<group>"; };
		C24FC3C11E9A49270068F4DF /* ClientApi.swift */ = {isa = PBXFileReference; fileEncoding = 4; lastKnownFileType = sourcecode.swift; path = ClientApi.swift; sourceTree = "<group>"; };
		C24FC48B1E9A77EE0068F4DF /* LocalizedLabel.swift */ = {isa = PBXFileReference; fileEncoding = 4; lastKnownFileType = sourcecode.swift; path = LocalizedLabel.swift; sourceTree = "<group>"; };
		C24FC48D1E9A77FE0068F4DF /* LocalizedButton.swift */ = {isa = PBXFileReference; fileEncoding = 4; lastKnownFileType = sourcecode.swift; path = LocalizedButton.swift; sourceTree = "<group>"; };
		C24FC48F1E9A780A0068F4DF /* LocalizedBarButton.swift */ = {isa = PBXFileReference; fileEncoding = 4; lastKnownFileType = sourcecode.swift; path = LocalizedBarButton.swift; sourceTree = "<group>"; };
		C24FC4911E9A78140068F4DF /* Localized.strings */ = {isa = PBXFileReference; fileEncoding = 4; lastKnownFileType = text.plist.strings; path = Localized.strings; sourceTree = "<group>"; };
		C24FC4931EA49B040068F4DF /* Globals.swift */ = {isa = PBXFileReference; fileEncoding = 4; lastKnownFileType = sourcecode.swift; path = Globals.swift; sourceTree = "<group>"; };
		C24FC4961EA49EB00068F4DF /* NormalCell.xib */ = {isa = PBXFileReference; fileEncoding = 4; lastKnownFileType = file.xib; path = NormalCell.xib; sourceTree = "<group>"; };
		C24FC4991EA49F370068F4DF /* NormalCell.swift */ = {isa = PBXFileReference; fileEncoding = 4; lastKnownFileType = sourcecode.swift; path = NormalCell.swift; sourceTree = "<group>"; };
		C24FC49B1EA49F950068F4DF /* Styles.swift */ = {isa = PBXFileReference; fileEncoding = 4; lastKnownFileType = sourcecode.swift; path = Styles.swift; sourceTree = "<group>"; };
		C24FC49D1EA4A8B30068F4DF /* SubjectExperimentModel.swift */ = {isa = PBXFileReference; fileEncoding = 4; lastKnownFileType = sourcecode.swift; path = SubjectExperimentModel.swift; sourceTree = "<group>"; };
		C24FC4A01EA4AC240068F4DF /* ExperimentClient.swift */ = {isa = PBXFileReference; fileEncoding = 4; lastKnownFileType = sourcecode.swift; path = ExperimentClient.swift; sourceTree = "<group>"; };
		C24FC4A21EA4FCD70068F4DF /* SubjectClient.swift */ = {isa = PBXFileReference; fileEncoding = 4; lastKnownFileType = sourcecode.swift; path = SubjectClient.swift; sourceTree = "<group>"; };
		C24FC4A51EA513A30068F4DF /* SubjectExperementDetailsViewController.swift */ = {isa = PBXFileReference; fileEncoding = 4; lastKnownFileType = sourcecode.swift; path = SubjectExperementDetailsViewController.swift; sourceTree = "<group>"; };
		C24FC4A81EA541050068F4DF /* DescriptionSelectTableViewCell.swift */ = {isa = PBXFileReference; fileEncoding = 4; lastKnownFileType = sourcecode.swift; path = DescriptionSelectTableViewCell.swift; sourceTree = "<group>"; };
		C24FC4AA1EA5417B0068F4DF /* DescriptionSelectCell.xib */ = {isa = PBXFileReference; fileEncoding = 4; lastKnownFileType = file.xib; path = DescriptionSelectCell.xib; sourceTree = "<group>"; };
		C24FC4AD1EB4A2C20068F4DF /* GraphViewController.swift */ = {isa = PBXFileReference; fileEncoding = 4; lastKnownFileType = sourcecode.swift; path = GraphViewController.swift; sourceTree = "<group>"; };
		C24FC4AF1EB4A37C0068F4DF /* GraphView.swift */ = {isa = PBXFileReference; fileEncoding = 4; lastKnownFileType = sourcecode.swift; path = GraphView.swift; sourceTree = "<group>"; };
		C24FC4B11EB4C0490068F4DF /* SensorModel.swift */ = {isa = PBXFileReference; fileEncoding = 4; lastKnownFileType = sourcecode.swift; path = SensorModel.swift; sourceTree = "<group>"; };
		C24FC4B41EB5F5090068F4DF /* TcpClient.swift */ = {isa = PBXFileReference; fileEncoding = 4; lastKnownFileType = sourcecode.swift; path = TcpClient.swift; sourceTree = "<group>"; };
		C24FC4B71EB5F5E50068F4DF /* Sensors-Bridging-Header.h */ = {isa = PBXFileReference; lastKnownFileType = sourcecode.c.h; path = "Sensors-Bridging-Header.h"; sourceTree = "<group>"; };
		C24FC4BA1EB5F7B90068F4DF /* UdpClient.swift */ = {isa = PBXFileReference; fileEncoding = 4; lastKnownFileType = sourcecode.swift; path = UdpClient.swift; sourceTree = "<group>"; };
		C24FC4BC1EB602520068F4DF /* HomeSettingsModel.swift */ = {isa = PBXFileReference; fileEncoding = 4; lastKnownFileType = sourcecode.swift; path = HomeSettingsModel.swift; sourceTree = "<group>"; };
		C24FC4BE1EB6086B0068F4DF /* ConnectionManager.swift */ = {isa = PBXFileReference; fileEncoding = 4; lastKnownFileType = sourcecode.swift; path = ConnectionManager.swift; sourceTree = "<group>"; };
		C24FC4C01EB609930068F4DF /* LocationManager.swift */ = {isa = PBXFileReference; fileEncoding = 4; lastKnownFileType = sourcecode.swift; path = LocationManager.swift; sourceTree = "<group>"; };
		C24FC4C21EB7209D0068F4DF /* HomeCell.swift */ = {isa = PBXFileReference; fileEncoding = 4; lastKnownFileType = sourcecode.swift; path = HomeCell.swift; sourceTree = "<group>"; };
		C24FC4C51EB721410068F4DF /* HomeRightLabel.xib */ = {isa = PBXFileReference; fileEncoding = 4; lastKnownFileType = file.xib; path = HomeRightLabel.xib; sourceTree = "<group>"; };
		C24FC4C71EB721B10068F4DF /* HomeLeftLabel.xib */ = {isa = PBXFileReference; fileEncoding = 4; lastKnownFileType = file.xib; path = HomeLeftLabel.xib; sourceTree = "<group>"; };
		C24FC4CA1EB732560068F4DF /* photo-abstract-7.png */ = {isa = PBXFileReference; lastKnownFileType = image.png; path = "photo-abstract-7.png"; sourceTree = "<group>"; };
		C24FC4CC1EB732620068F4DF /* settings-25.png */ = {isa = PBXFileReference; lastKnownFileType = image.png; path = "settings-25.png"; sourceTree = "<group>"; };
		C24FC4CF1EB748A90068F4DF /* LoginViewController.swift */ = {isa = PBXFileReference; fileEncoding = 4; lastKnownFileType = sourcecode.swift; path = LoginViewController.swift; sourceTree = "<group>"; };
		C24FC4D21EB7494C0068F4DF /* AccountTableViewCell.swift */ = {isa = PBXFileReference; fileEncoding = 4; lastKnownFileType = sourcecode.swift; path = AccountTableViewCell.swift; sourceTree = "<group>"; };
		C24FC4D41EB749B20068F4DF /* AccountCell.xib */ = {isa = PBXFileReference; fileEncoding = 4; lastKnownFileType = file.xib; path = AccountCell.xib; sourceTree = "<group>"; };
		C24FC4D61EB749F50068F4DF /* ButtonCell.xib */ = {isa = PBXFileReference; fileEncoding = 4; lastKnownFileType = file.xib; path = ButtonCell.xib; sourceTree = "<group>"; };
		C24FC4D81EB74AE30068F4DF /* LoginModel.swift */ = {isa = PBXFileReference; fileEncoding = 4; lastKnownFileType = sourcecode.swift; path = LoginModel.swift; sourceTree = "<group>"; };
		C24FC4DA1EB74C750068F4DF /* UserClient.swift */ = {isa = PBXFileReference; fileEncoding = 4; lastKnownFileType = sourcecode.swift; path = UserClient.swift; sourceTree = "<group>"; };
		C250DDE51E99534200C9A7BE /* Sensors.app */ = {isa = PBXFileReference; explicitFileType = wrapper.application; includeInIndex = 0; path = Sensors.app; sourceTree = BUILT_PRODUCTS_DIR; };
		C250DDE81E99534200C9A7BE /* AppDelegate.swift */ = {isa = PBXFileReference; lastKnownFileType = sourcecode.swift; path = AppDelegate.swift; sourceTree = "<group>"; };
		C250DDEA1E99534200C9A7BE /* ViewController.swift */ = {isa = PBXFileReference; lastKnownFileType = sourcecode.swift; path = ViewController.swift; sourceTree = "<group>"; };
		C250DDED1E99534200C9A7BE /* Base */ = {isa = PBXFileReference; lastKnownFileType = file.storyboard; name = Base; path = Base.lproj/Main.storyboard; sourceTree = "<group>"; };
		C250DDF01E99534200C9A7BE /* Sensors.xcdatamodel */ = {isa = PBXFileReference; lastKnownFileType = wrapper.xcdatamodel; path = Sensors.xcdatamodel; sourceTree = "<group>"; };
		C250DDF21E99534200C9A7BE /* Assets.xcassets */ = {isa = PBXFileReference; lastKnownFileType = folder.assetcatalog; path = Assets.xcassets; sourceTree = "<group>"; };
		C250DDF51E99534200C9A7BE /* Base */ = {isa = PBXFileReference; lastKnownFileType = file.storyboard; name = Base; path = Base.lproj/LaunchScreen.storyboard; sourceTree = "<group>"; };
		C250DDF71E99534200C9A7BE /* Info.plist */ = {isa = PBXFileReference; lastKnownFileType = text.plist.xml; path = Info.plist; sourceTree = "<group>"; };
		C271C13A1EB8B8E5002A6343 /* ic_person_add.png */ = {isa = PBXFileReference; lastKnownFileType = image.png; path = ic_person_add.png; sourceTree = "<group>"; };
		C2C65BCC20EE9D5F009AF0B3 /* NormalSettingsCell.xib */ = {isa = PBXFileReference; fileEncoding = 4; lastKnownFileType = file.xib; name = NormalSettingsCell.xib; path = ../../../diplomska/SensorDataSend/NormalSettingsCell.xib; sourceTree = "<group>"; };
		C2C65BD120F219F1009AF0B3 /* ValuePickerCell.swift */ = {isa = PBXFileReference; lastKnownFileType = sourcecode.swift; path = ValuePickerCell.swift; sourceTree = "<group>"; };
		C2C65BD420F21AFC009AF0B3 /* ValuePickerCell.xib */ = {isa = PBXFileReference; lastKnownFileType = file.xib; path = ValuePickerCell.xib; sourceTree = "<group>"; };
		C2C65BD720F28EE4009AF0B3 /* AccountTableViewController.swift */ = {isa = PBXFileReference; lastKnownFileType = sourcecode.swift; path = AccountTableViewController.swift; sourceTree = "<group>"; };
		C2C65BD920F28F25009AF0B3 /* AccountModel.swift */ = {isa = PBXFileReference; lastKnownFileType = sourcecode.swift; path = AccountModel.swift; sourceTree = "<group>"; };
		C2D83EA51EBDCEDF00F30A63 /* RegisterViewController.swift */ = {isa = PBXFileReference; fileEncoding = 4; lastKnownFileType = sourcecode.swift; path = RegisterViewController.swift; sourceTree = "<group>"; };
		C2D83EA71EBDD1ED00F30A63 /* RegisterModel.swift */ = {isa = PBXFileReference; fileEncoding = 4; lastKnownFileType = sourcecode.swift; path = RegisterModel.swift; sourceTree = "<group>"; };
		C2D83EA91EBDD2DA00F30A63 /* RegisterClient.swift */ = {isa = PBXFileReference; fileEncoding = 4; lastKnownFileType = sourcecode.swift; path = RegisterClient.swift; sourceTree = "<group>"; };
		C2D83EAB1EBE6B7200F30A63 /* login.png */ = {isa = PBXFileReference; lastKnownFileType = image.png; path = login.png; sourceTree = "<group>"; };
/* End PBXFileReference section */

/* Begin PBXFrameworksBuildPhase section */
		C250DDE21E99534200C9A7BE /* Frameworks */ = {
			isa = PBXFrameworksBuildPhase;
			buildActionMask = 2147483647;
			files = (
				C24FC3BB1E9A23790068F4DF /* CocoaAsyncSocket.framework in Frameworks */,
				C24FC3BC1E9A23790068F4DF /* Reachability.framework in Frameworks */,
				C24FC3BD1E9A23790068F4DF /* SQLite.framework in Frameworks */,
			);
			runOnlyForDeploymentPostprocessing = 0;
		};
/* End PBXFrameworksBuildPhase section */

/* Begin PBXGroup section */
		C20346B81EDDD406001BA0C3 /* Settings */ = {
			isa = PBXGroup;
			children = (
				C22E1CDE1F5AB03E00B6E786 /* SettingsViewController.swift */,
			);
			name = Settings;
			sourceTree = "<group>";
		};
		C22E1CE01F5AB55F00B6E786 /* SettingCells */ = {
			isa = PBXGroup;
			children = (
				C22E1CE11F5AB58400B6E786 /* CellDescriptor.plist */,
			);
			name = SettingCells;
			sourceTree = "<group>";
		};
		C24F0D8920C2A1E500E3CE59 /* CustomCell */ = {
			isa = PBXGroup;
			children = (
				C2C65BCC20EE9D5F009AF0B3 /* NormalSettingsCell.xib */,
				C24F0D8C20C2A3FB00E3CE59 /* TextfieldCell.xib */,
				C24F0D8A20C2A22200E3CE59 /* CustomCell.swift */,
			);
			name = CustomCell;
			sourceTree = "<group>";
		};
		C24FC3B41E996F130068F4DF /* Vendors */ = {
			isa = PBXGroup;
			children = (
				C24FC3B51E996F8F0068F4DF /* MotionKit.swift */,
			);
			name = Vendors;
			sourceTree = "<group>";
		};
		C24FC3B71E9A23790068F4DF /* Frameworks */ = {
			isa = PBXGroup;
			children = (
				C24FC3B81E9A23790068F4DF /* CocoaAsyncSocket.framework */,
				C24FC3B91E9A23790068F4DF /* Reachability.framework */,
				C24FC3BA1E9A23790068F4DF /* SQLite.framework */,
			);
			name = Frameworks;
			sourceTree = "<group>";
		};
		C24FC3C01E9A490C0068F4DF /* Core */ = {
			isa = PBXGroup;
			children = (
				C24FC4BA1EB5F7B90068F4DF /* UdpClient.swift */,
				C24FC4B41EB5F5090068F4DF /* TcpClient.swift */,
				C24FC3C11E9A49270068F4DF /* ClientApi.swift */,
				C24FC4931EA49B040068F4DF /* Globals.swift */,
				C24FC49B1EA49F950068F4DF /* Styles.swift */,
				C24FC4BE1EB6086B0068F4DF /* ConnectionManager.swift */,
				C24FC4C01EB609930068F4DF /* LocationManager.swift */,
			);
			name = Core;
			sourceTree = "<group>";
		};
		C24FC48A1E9A77C80068F4DF /* Localized */ = {
			isa = PBXGroup;
			children = (
				C24FC4911E9A78140068F4DF /* Localized.strings */,
				C24FC48F1E9A780A0068F4DF /* LocalizedBarButton.swift */,
				C24FC48D1E9A77FE0068F4DF /* LocalizedButton.swift */,
				C24FC48B1E9A77EE0068F4DF /* LocalizedLabel.swift */,
			);
			name = Localized;
			sourceTree = "<group>";
		};
		C24FC4951EA49E8C0068F4DF /* Cells */ = {
			isa = PBXGroup;
			children = (
				C2C65BD020F219A8009AF0B3 /* ValuePickerCell */,
				C24F0D8920C2A1E500E3CE59 /* CustomCell */,
				C22E1CE01F5AB55F00B6E786 /* SettingCells */,
				C24FC4D11EB7492F0068F4DF /* AccountCells */,
				C24FC4C41EB721150068F4DF /* HomeCells */,
				C24FC4A71EA540D20068F4DF /* DescriptionCell */,
				C24FC4981EA49EE50068F4DF /* NormalCell */,
			);
			name = Cells;
			sourceTree = "<group>";
		};
		C24FC4981EA49EE50068F4DF /* NormalCell */ = {
			isa = PBXGroup;
			children = (
				C24FC4961EA49EB00068F4DF /* NormalCell.xib */,
				C24FC4991EA49F370068F4DF /* NormalCell.swift */,
			);
			name = NormalCell;
			sourceTree = "<group>";
		};
		C24FC49F1EA4AC080068F4DF /* API */ = {
			isa = PBXGroup;
			children = (
				C24FC4A01EA4AC240068F4DF /* ExperimentClient.swift */,
				C24FC4A21EA4FCD70068F4DF /* SubjectClient.swift */,
				C24FC4DA1EB74C750068F4DF /* UserClient.swift */,
				C2D83EA91EBDD2DA00F30A63 /* RegisterClient.swift */,
			);
			name = API;
			sourceTree = "<group>";
		};
		C24FC4A71EA540D20068F4DF /* DescriptionCell */ = {
			isa = PBXGroup;
			children = (
				C24FC4A81EA541050068F4DF /* DescriptionSelectTableViewCell.swift */,
				C24FC4AA1EA5417B0068F4DF /* DescriptionSelectCell.xib */,
			);
			name = DescriptionCell;
			sourceTree = "<group>";
		};
		C24FC4AC1EB4A2760068F4DF /* Graph */ = {
			isa = PBXGroup;
			children = (
				C24FC4AD1EB4A2C20068F4DF /* GraphViewController.swift */,
				C24FC4AF1EB4A37C0068F4DF /* GraphView.swift */,
				C24FC4B11EB4C0490068F4DF /* SensorModel.swift */,
				C24FC4BC1EB602520068F4DF /* HomeSettingsModel.swift */,
			);
			name = Graph;
			sourceTree = "<group>";
		};
		C24FC4C41EB721150068F4DF /* HomeCells */ = {
			isa = PBXGroup;
			children = (
				C24FC4C71EB721B10068F4DF /* HomeLeftLabel.xib */,
				C24FC4C51EB721410068F4DF /* HomeRightLabel.xib */,
				C24FC4C21EB7209D0068F4DF /* HomeCell.swift */,
			);
			name = HomeCells;
			sourceTree = "<group>";
		};
		C24FC4C91EB732400068F4DF /* Images */ = {
			isa = PBXGroup;
			children = (
				C271C13A1EB8B8E5002A6343 /* ic_person_add.png */,
				C24FC4CC1EB732620068F4DF /* settings-25.png */,
				C24FC4CA1EB732560068F4DF /* photo-abstract-7.png */,
				C2D83EAB1EBE6B7200F30A63 /* login.png */,
			);
			name = Images;
			sourceTree = "<group>";
		};
		C24FC4CE1EB7485C0068F4DF /* Login */ = {
			isa = PBXGroup;
			children = (
				C24FC4CF1EB748A90068F4DF /* LoginViewController.swift */,
				C24FC4D81EB74AE30068F4DF /* LoginModel.swift */,
			);
			name = Login;
			sourceTree = "<group>";
		};
		C24FC4D11EB7492F0068F4DF /* AccountCells */ = {
			isa = PBXGroup;
			children = (
				C24FC4D61EB749F50068F4DF /* ButtonCell.xib */,
				C24FC4D41EB749B20068F4DF /* AccountCell.xib */,
				C24FC4D21EB7494C0068F4DF /* AccountTableViewCell.swift */,
			);
			name = AccountCells;
			sourceTree = "<group>";
		};
		C250DDDC1E99534200C9A7BE = {
			isa = PBXGroup;
			children = (
				C250DDE71E99534200C9A7BE /* Sensors */,
				C250DDE61E99534200C9A7BE /* Products */,
				C24FC3B71E9A23790068F4DF /* Frameworks */,
			);
			sourceTree = "<group>";
		};
		C250DDE61E99534200C9A7BE /* Products */ = {
			isa = PBXGroup;
			children = (
				C250DDE51E99534200C9A7BE /* Sensors.app */,
			);
			name = Products;
			sourceTree = "<group>";
		};
		C250DDE71E99534200C9A7BE /* Sensors */ = {
			isa = PBXGroup;
			children = (
				C2C65BD620F28EAC009AF0B3 /* Account */,
				C20346B81EDDD406001BA0C3 /* Settings */,
				C2D83EA41EBDCEA400F30A63 /* Register */,
				C24FC4CE1EB7485C0068F4DF /* Login */,
				C24FC4C91EB732400068F4DF /* Images */,
				C24FC4AC1EB4A2760068F4DF /* Graph */,
				C24FC49F1EA4AC080068F4DF /* API */,
				C24FC4951EA49E8C0068F4DF /* Cells */,
				C24FC48A1E9A77C80068F4DF /* Localized */,
				C24FC3C01E9A490C0068F4DF /* Core */,
				C24FC3B41E996F130068F4DF /* Vendors */,
				C250DDFF1E995E6500C9A7BE /* SubjectExperementSettings */,
				C250DDE81E99534200C9A7BE /* AppDelegate.swift */,
				C250DDEC1E99534200C9A7BE /* Main.storyboard */,
				C250DDF21E99534200C9A7BE /* Assets.xcassets */,
				C250DDF41E99534200C9A7BE /* LaunchScreen.storyboard */,
				C250DDF71E99534200C9A7BE /* Info.plist */,
				C250DDEF1E99534200C9A7BE /* Sensors.xcdatamodeld */,
				C24FC4B71EB5F5E50068F4DF /* Sensors-Bridging-Header.h */,
			);
			path = Sensors;
			sourceTree = "<group>";
		};
		C250DDFF1E995E6500C9A7BE /* SubjectExperementSettings */ = {
			isa = PBXGroup;
			children = (
				C24FC4A51EA513A30068F4DF /* SubjectExperementDetailsViewController.swift */,
				C250DDEA1E99534200C9A7BE /* ViewController.swift */,
				C24FC49D1EA4A8B30068F4DF /* SubjectExperimentModel.swift */,
			);
			name = SubjectExperementSettings;
			sourceTree = "<group>";
		};
		C2C65BD020F219A8009AF0B3 /* ValuePickerCell */ = {
			isa = PBXGroup;
			children = (
				C2C65BD120F219F1009AF0B3 /* ValuePickerCell.swift */,
				C2C65BD420F21AFC009AF0B3 /* ValuePickerCell.xib */,
			);
			name = ValuePickerCell;
			sourceTree = "<group>";
		};
		C2C65BD620F28EAC009AF0B3 /* Account */ = {
			isa = PBXGroup;
			children = (
				C2C65BD720F28EE4009AF0B3 /* AccountTableViewController.swift */,
				C2C65BD920F28F25009AF0B3 /* AccountModel.swift */,
			);
			name = Account;
			sourceTree = "<group>";
		};
		C2D83EA41EBDCEA400F30A63 /* Register */ = {
			isa = PBXGroup;
			children = (
				C2D83EA51EBDCEDF00F30A63 /* RegisterViewController.swift */,
				C2D83EA71EBDD1ED00F30A63 /* RegisterModel.swift */,
			);
			name = Register;
			sourceTree = "<group>";
		};
/* End PBXGroup section */

/* Begin PBXNativeTarget section */
		C250DDE41E99534200C9A7BE /* Sensors */ = {
			isa = PBXNativeTarget;
			buildConfigurationList = C250DDFA1E99534200C9A7BE /* Build configuration list for PBXNativeTarget "Sensors" */;
			buildPhases = (
				C250DDE11E99534200C9A7BE /* Sources */,
				C250DDE21E99534200C9A7BE /* Frameworks */,
				C250DDE31E99534200C9A7BE /* Resources */,
				C24FC3BE1E9A241F0068F4DF /* ShellScript */,
			);
			buildRules = (
			);
			dependencies = (
			);
			name = Sensors;
			productName = Sensors;
			productReference = C250DDE51E99534200C9A7BE /* Sensors.app */;
			productType = "com.apple.product-type.application";
		};
/* End PBXNativeTarget section */

/* Begin PBXProject section */
		C250DDDD1E99534200C9A7BE /* Project object */ = {
			isa = PBXProject;
			attributes = {
				LastSwiftUpdateCheck = 0830;
				LastUpgradeCheck = 0930;
				ORGANIZATIONNAME = "Ekaterina Ivanova";
				TargetAttributes = {
					C250DDE41E99534200C9A7BE = {
						CreatedOnToolsVersion = 8.3.1;
						DevelopmentTeam = 5E2VP4TDPV;
						LastSwiftMigration = 0830;
						ProvisioningStyle = Automatic;
					};
				};
			};
			buildConfigurationList = C250DDE01E99534200C9A7BE /* Build configuration list for PBXProject "Sensors" */;
			compatibilityVersion = "Xcode 3.2";
			developmentRegion = English;
			hasScannedForEncodings = 0;
			knownRegions = (
				en,
				Base,
			);
			mainGroup = C250DDDC1E99534200C9A7BE;
			productRefGroup = C250DDE61E99534200C9A7BE /* Products */;
			projectDirPath = "";
			projectRoot = "";
			targets = (
				C250DDE41E99534200C9A7BE /* Sensors */,
			);
		};
/* End PBXProject section */

/* Begin PBXResourcesBuildPhase section */
		C250DDE31E99534200C9A7BE /* Resources */ = {
			isa = PBXResourcesBuildPhase;
			buildActionMask = 2147483647;
			files = (
				C24FC4AB1EA5417B0068F4DF /* DescriptionSelectCell.xib in Resources */,
				C22E1CE21F5AB58400B6E786 /* CellDescriptor.plist in Resources */,
				C24FC4C61EB721410068F4DF /* HomeRightLabel.xib in Resources */,
				C24FC4921E9A78140068F4DF /* Localized.strings in Resources */,
				C24FC4D71EB749F50068F4DF /* ButtonCell.xib in Resources */,
				C24FC4CD1EB732620068F4DF /* settings-25.png in Resources */,
				C24FC4CB1EB732560068F4DF /* photo-abstract-7.png in Resources */,
				C250DDF61E99534200C9A7BE /* LaunchScreen.storyboard in Resources */,
				C24FC4D51EB749B20068F4DF /* AccountCell.xib in Resources */,
				C250DDF31E99534200C9A7BE /* Assets.xcassets in Resources */,
				C2C65BCD20EE9D60009AF0B3 /* NormalSettingsCell.xib in Resources */,
				C250DDEE1E99534200C9A7BE /* Main.storyboard in Resources */,
				C24F0D8D20C2A3FB00E3CE59 /* TextfieldCell.xib in Resources */,
				C24FC4C81EB721B10068F4DF /* HomeLeftLabel.xib in Resources */,
				C271C13B1EB8B8E5002A6343 /* ic_person_add.png in Resources */,
				C2C65BD520F21AFC009AF0B3 /* ValuePickerCell.xib in Resources */,
				C24FC4971EA49EB00068F4DF /* NormalCell.xib in Resources */,
				C2D83EAC1EBE6B7200F30A63 /* login.png in Resources */,
			);
			runOnlyForDeploymentPostprocessing = 0;
		};
/* End PBXResourcesBuildPhase section */

/* Begin PBXShellScriptBuildPhase section */
		C24FC3BE1E9A241F0068F4DF /* ShellScript */ = {
			isa = PBXShellScriptBuildPhase;
			buildActionMask = 2147483647;
			files = (
			);
			inputPaths = (
				"$(SRCROOT)/Carthage/Build/iOS/CocoaAsyncSocket.framework",
				"$(SRCROOT)/Carthage/Build/iOS/SQLite.framework",
				"$(SRCROOT)/Carthage/Build/iOS/Reachability.framework",
			);
			outputPaths = (
			);
			runOnlyForDeploymentPostprocessing = 0;
			shellPath = /bin/sh;
			shellScript = "/usr/local/bin/carthage copy-frameworks";
		};
/* End PBXShellScriptBuildPhase section */

/* Begin PBXSourcesBuildPhase section */
		C250DDE11E99534200C9A7BE /* Sources */ = {
			isa = PBXSourcesBuildPhase;
			buildActionMask = 2147483647;
			files = (
				C24FC4A61EA513A30068F4DF /* SubjectExperementDetailsViewController.swift in Sources */,
				C24FC4D91EB74AE30068F4DF /* LoginModel.swift in Sources */,
				C2C65BDA20F28F25009AF0B3 /* AccountModel.swift in Sources */,
				C24F0D8B20C2A22200E3CE59 /* CustomCell.swift in Sources */,
				C22E1CDF1F5AB03E00B6E786 /* SettingsViewController.swift in Sources */,
				C24FC49C1EA49F950068F4DF /* Styles.swift in Sources */,
				C24FC4A31EA4FCD70068F4DF /* SubjectClient.swift in Sources */,
				C24FC4BB1EB5F7B90068F4DF /* UdpClient.swift in Sources */,
				C24FC48E1E9A77FE0068F4DF /* LocalizedButton.swift in Sources */,
				C24FC4A11EA4AC240068F4DF /* ExperimentClient.swift in Sources */,
				C24FC4BF1EB6086B0068F4DF /* ConnectionManager.swift in Sources */,
				C24FC48C1E9A77EE0068F4DF /* LocalizedLabel.swift in Sources */,
				C24FC4BD1EB602520068F4DF /* HomeSettingsModel.swift in Sources */,
				C24FC4A91EA541050068F4DF /* DescriptionSelectTableViewCell.swift in Sources */,
				C24FC3B61E996F8F0068F4DF /* MotionKit.swift in Sources */,
				C24FC4901E9A780A0068F4DF /* LocalizedBarButton.swift in Sources */,
				C24FC49E1EA4A8B30068F4DF /* SubjectExperimentModel.swift in Sources */,
				C250DDF11E99534200C9A7BE /* Sensors.xcdatamodeld in Sources */,
				C24FC4C31EB7209D0068F4DF /* HomeCell.swift in Sources */,
				C24FC4DB1EB74C750068F4DF /* UserClient.swift in Sources */,
				C24FC4B01EB4A37C0068F4DF /* GraphView.swift in Sources */,
				C24FC4B51EB5F5090068F4DF /* TcpClient.swift in Sources */,
				C2D83EAA1EBDD2DA00F30A63 /* RegisterClient.swift in Sources */,
				C24FC49A1EA49F370068F4DF /* NormalCell.swift in Sources */,
				C250DDEB1E99534200C9A7BE /* ViewController.swift in Sources */,
				C2D83EA61EBDCEDF00F30A63 /* RegisterViewController.swift in Sources */,
				C24FC3C21E9A49270068F4DF /* ClientApi.swift in Sources */,
				C2C65BD820F28EE4009AF0B3 /* AccountTableViewController.swift in Sources */,
				C24FC4AE1EB4A2C20068F4DF /* GraphViewController.swift in Sources */,
				C24FC4C11EB609930068F4DF /* LocationManager.swift in Sources */,
				C24FC4B21EB4C0490068F4DF /* SensorModel.swift in Sources */,
				C250DDE91E99534200C9A7BE /* AppDelegate.swift in Sources */,
				C24FC4D31EB7494C0068F4DF /* AccountTableViewCell.swift in Sources */,
				C2C65BD220F219F1009AF0B3 /* ValuePickerCell.swift in Sources */,
				C24FC4D01EB748A90068F4DF /* LoginViewController.swift in Sources */,
				C24FC4941EA49B040068F4DF /* Globals.swift in Sources */,
				C2D83EA81EBDD1ED00F30A63 /* RegisterModel.swift in Sources */,
			);
			runOnlyForDeploymentPostprocessing = 0;
		};
/* End PBXSourcesBuildPhase section */

/* Begin PBXVariantGroup section */
		C250DDEC1E99534200C9A7BE /* Main.storyboard */ = {
			isa = PBXVariantGroup;
			children = (
				C250DDED1E99534200C9A7BE /* Base */,
			);
			name = Main.storyboard;
			sourceTree = "<group>";
		};
		C250DDF41E99534200C9A7BE /* LaunchScreen.storyboard */ = {
			isa = PBXVariantGroup;
			children = (
				C250DDF51E99534200C9A7BE /* Base */,
			);
			name = LaunchScreen.storyboard;
			sourceTree = "<group>";
		};
/* End PBXVariantGroup section */

/* Begin XCBuildConfiguration section */
		C250DDF81E99534200C9A7BE /* Debug */ = {
			isa = XCBuildConfiguration;
			buildSettings = {
				ALWAYS_SEARCH_USER_PATHS = NO;
				CLANG_ANALYZER_NONNULL = YES;
				CLANG_ANALYZER_NUMBER_OBJECT_CONVERSION = YES_AGGRESSIVE;
				CLANG_CXX_LANGUAGE_STANDARD = "gnu++0x";
				CLANG_CXX_LIBRARY = "libc++";
				CLANG_ENABLE_MODULES = YES;
				CLANG_ENABLE_OBJC_ARC = YES;
				CLANG_WARN_BLOCK_CAPTURE_AUTORELEASING = YES;
				CLANG_WARN_BOOL_CONVERSION = YES;
				CLANG_WARN_COMMA = YES;
				CLANG_WARN_CONSTANT_CONVERSION = YES;
				CLANG_WARN_DEPRECATED_OBJC_IMPLEMENTATIONS = YES;
				CLANG_WARN_DIRECT_OBJC_ISA_USAGE = YES_ERROR;
				CLANG_WARN_DOCUMENTATION_COMMENTS = YES;
				CLANG_WARN_EMPTY_BODY = YES;
				CLANG_WARN_ENUM_CONVERSION = YES;
				CLANG_WARN_INFINITE_RECURSION = YES;
				CLANG_WARN_INT_CONVERSION = YES;
				CLANG_WARN_NON_LITERAL_NULL_CONVERSION = YES;
				CLANG_WARN_OBJC_IMPLICIT_RETAIN_SELF = YES;
				CLANG_WARN_OBJC_LITERAL_CONVERSION = YES;
				CLANG_WARN_OBJC_ROOT_CLASS = YES_ERROR;
				CLANG_WARN_RANGE_LOOP_ANALYSIS = YES;
				CLANG_WARN_STRICT_PROTOTYPES = YES;
				CLANG_WARN_SUSPICIOUS_MOVE = YES;
				CLANG_WARN_UNREACHABLE_CODE = YES;
				CLANG_WARN__DUPLICATE_METHOD_MATCH = YES;
				"CODE_SIGN_IDENTITY[sdk=iphoneos*]" = "iPhone Developer";
				COPY_PHASE_STRIP = NO;
				DEBUG_INFORMATION_FORMAT = dwarf;
				ENABLE_STRICT_OBJC_MSGSEND = YES;
				ENABLE_TESTABILITY = YES;
				GCC_C_LANGUAGE_STANDARD = gnu99;
				GCC_DYNAMIC_NO_PIC = NO;
				GCC_NO_COMMON_BLOCKS = YES;
				GCC_OPTIMIZATION_LEVEL = 0;
				GCC_PREPROCESSOR_DEFINITIONS = (
					"DEBUG=1",
					"$(inherited)",
				);
				GCC_WARN_64_TO_32_BIT_CONVERSION = YES;
				GCC_WARN_ABOUT_RETURN_TYPE = YES_ERROR;
				GCC_WARN_UNDECLARED_SELECTOR = YES;
				GCC_WARN_UNINITIALIZED_AUTOS = YES_AGGRESSIVE;
				GCC_WARN_UNUSED_FUNCTION = YES;
				GCC_WARN_UNUSED_VARIABLE = YES;
				IPHONEOS_DEPLOYMENT_TARGET = 10.3;
				MTL_ENABLE_DEBUG_INFO = YES;
				ONLY_ACTIVE_ARCH = YES;
				SDKROOT = iphoneos;
				SWIFT_ACTIVE_COMPILATION_CONDITIONS = DEBUG;
				SWIFT_OPTIMIZATION_LEVEL = "-Onone";
				TARGETED_DEVICE_FAMILY = "1,2";
			};
			name = Debug;
		};
		C250DDF91E99534200C9A7BE /* Release */ = {
			isa = XCBuildConfiguration;
			buildSettings = {
				ALWAYS_SEARCH_USER_PATHS = NO;
				CLANG_ANALYZER_NONNULL = YES;
				CLANG_ANALYZER_NUMBER_OBJECT_CONVERSION = YES_AGGRESSIVE;
				CLANG_CXX_LANGUAGE_STANDARD = "gnu++0x";
				CLANG_CXX_LIBRARY = "libc++";
				CLANG_ENABLE_MODULES = YES;
				CLANG_ENABLE_OBJC_ARC = YES;
				CLANG_WARN_BLOCK_CAPTURE_AUTORELEASING = YES;
				CLANG_WARN_BOOL_CONVERSION = YES;
				CLANG_WARN_COMMA = YES;
				CLANG_WARN_CONSTANT_CONVERSION = YES;
				CLANG_WARN_DEPRECATED_OBJC_IMPLEMENTATIONS = YES;
				CLANG_WARN_DIRECT_OBJC_ISA_USAGE = YES_ERROR;
				CLANG_WARN_DOCUMENTATION_COMMENTS = YES;
				CLANG_WARN_EMPTY_BODY = YES;
				CLANG_WARN_ENUM_CONVERSION = YES;
				CLANG_WARN_INFINITE_RECURSION = YES;
				CLANG_WARN_INT_CONVERSION = YES;
				CLANG_WARN_NON_LITERAL_NULL_CONVERSION = YES;
				CLANG_WARN_OBJC_IMPLICIT_RETAIN_SELF = YES;
				CLANG_WARN_OBJC_LITERAL_CONVERSION = YES;
				CLANG_WARN_OBJC_ROOT_CLASS = YES_ERROR;
				CLANG_WARN_RANGE_LOOP_ANALYSIS = YES;
				CLANG_WARN_STRICT_PROTOTYPES = YES;
				CLANG_WARN_SUSPICIOUS_MOVE = YES;
				CLANG_WARN_UNREACHABLE_CODE = YES;
				CLANG_WARN__DUPLICATE_METHOD_MATCH = YES;
				"CODE_SIGN_IDENTITY[sdk=iphoneos*]" = "iPhone Developer";
				COPY_PHASE_STRIP = NO;
				DEBUG_INFORMATION_FORMAT = "dwarf-with-dsym";
				ENABLE_NS_ASSERTIONS = NO;
				ENABLE_STRICT_OBJC_MSGSEND = YES;
				GCC_C_LANGUAGE_STANDARD = gnu99;
				GCC_NO_COMMON_BLOCKS = YES;
				GCC_WARN_64_TO_32_BIT_CONVERSION = YES;
				GCC_WARN_ABOUT_RETURN_TYPE = YES_ERROR;
				GCC_WARN_UNDECLARED_SELECTOR = YES;
				GCC_WARN_UNINITIALIZED_AUTOS = YES_AGGRESSIVE;
				GCC_WARN_UNUSED_FUNCTION = YES;
				GCC_WARN_UNUSED_VARIABLE = YES;
				IPHONEOS_DEPLOYMENT_TARGET = 10.3;
				MTL_ENABLE_DEBUG_INFO = NO;
				SDKROOT = iphoneos;
				SWIFT_OPTIMIZATION_LEVEL = "-Owholemodule";
				TARGETED_DEVICE_FAMILY = "1,2";
				VALIDATE_PRODUCT = YES;
			};
			name = Release;
		};
		C250DDFB1E99534200C9A7BE /* Debug */ = {
			isa = XCBuildConfiguration;
			buildSettings = {
				ASSETCATALOG_COMPILER_APPICON_NAME = AppIcon;
				CLANG_ENABLE_MODULES = YES;
				DEVELOPMENT_TEAM = 5E2VP4TDPV;
				FRAMEWORK_SEARCH_PATHS = (
					"$(inherited)",
					"$(PROJECT_DIR)/Carthage/Build/iOS",
				);
				INFOPLIST_FILE = Sensors/Info.plist;
				LD_RUNPATH_SEARCH_PATHS = "$(inherited) @executable_path/Frameworks";
				PRODUCT_BUNDLE_IDENTIFIER = "dev-sensors";
				PRODUCT_NAME = "$(TARGET_NAME)";
				SWIFT_OBJC_BRIDGING_HEADER = "Sensors/Sensors-Bridging-Header.h";
				SWIFT_OPTIMIZATION_LEVEL = "-Onone";
				SWIFT_VERSION = 3.0;
			};
			name = Debug;
		};
		C250DDFC1E99534200C9A7BE /* Release */ = {
			isa = XCBuildConfiguration;
			buildSettings = {
				ASSETCATALOG_COMPILER_APPICON_NAME = AppIcon;
				CLANG_ENABLE_MODULES = YES;
				DEVELOPMENT_TEAM = 5E2VP4TDPV;
				FRAMEWORK_SEARCH_PATHS = (
					"$(inherited)",
					"$(PROJECT_DIR)/Carthage/Build/iOS",
				);
				INFOPLIST_FILE = Sensors/Info.plist;
				LD_RUNPATH_SEARCH_PATHS = "$(inherited) @executable_path/Frameworks";
				PRODUCT_BUNDLE_IDENTIFIER = "dev-sensors";
				PRODUCT_NAME = "$(TARGET_NAME)";
				SWIFT_OBJC_BRIDGING_HEADER = "Sensors/Sensors-Bridging-Header.h";
				SWIFT_VERSION = 3.0;
			};
			name = Release;
		};
/* End XCBuildConfiguration section */

/* Begin XCConfigurationList section */
		C250DDE01E99534200C9A7BE /* Build configuration list for PBXProject "Sensors" */ = {
			isa = XCConfigurationList;
			buildConfigurations = (
				C250DDF81E99534200C9A7BE /* Debug */,
				C250DDF91E99534200C9A7BE /* Release */,
			);
			defaultConfigurationIsVisible = 0;
			defaultConfigurationName = Release;
		};
		C250DDFA1E99534200C9A7BE /* Build configuration list for PBXNativeTarget "Sensors" */ = {
			isa = XCConfigurationList;
			buildConfigurations = (
				C250DDFB1E99534200C9A7BE /* Debug */,
				C250DDFC1E99534200C9A7BE /* Release */,
			);
			defaultConfigurationIsVisible = 0;
			defaultConfigurationName = Release;
		};
/* End XCConfigurationList section */

/* Begin XCVersionGroup section */
		C250DDEF1E99534200C9A7BE /* Sensors.xcdatamodeld */ = {
			isa = XCVersionGroup;
			children = (
				C250DDF01E99534200C9A7BE /* Sensors.xcdatamodel */,
			);
			currentVersion = C250DDF01E99534200C9A7BE /* Sensors.xcdatamodel */;
			path = Sensors.xcdatamodeld;
			sourceTree = "<group>";
			versionGroupType = wrapper.xcdatamodel;
		};
/* End XCVersionGroup section */
	};
	rootObject = C250DDDD1E99534200C9A7BE /* Project object */;
}
